
Microsoft Visual Studio Solution File, Format Version 12.00
# Visual Studio Version 17
VisualStudioVersion = 17.1.32421.90
MinimumVisualStudioVersion = 10.0.40219.1
Project("{9A19103F-16F7-4668-BE54-9A1E7A4F7556}") = "TollApp", "TollApp\TollApp.csproj", "{19B94DA8-8D70-4AD7-97C0-6C8B71E82AAA}"
EndProject
Global
	GlobalSection(SolutionConfigurationPlatforms) = preSolution
		Debug|Any CPU = Debug|Any CPU
		Release|Any CPU = Release|Any CPU
	EndGlobalSection
	GlobalSection(ProjectConfigurationPlatforms) = postSolution
		{19B94DA8-8D70-4AD7-97C0-6C8B71E82AAA}.Debug|Any CPU.ActiveCfg = Debug|Any CPU
		{19B94DA8-8D70-4AD7-97C0-6C8B71E82AAA}.Debug|Any CPU.Build.0 = Debug|Any CPU
		{19B94DA8-8D70-4AD7-97C0-6C8B71E82AAA}.Release|Any CPU.ActiveCfg = Release|Any CPU
		{19B94DA8-8D70-4AD7-97C0-6C8B71E82AAA}.Release|Any CPU.Build.0 = Release|Any CPU
	EndGlobalSection
	GlobalSection(SolutionProperties) = preSolution
		HideSolutionNode = FALSE
	EndGlobalSection
	GlobalSection(ExtensibilityGlobals) = postSolution
		SolutionGuid = {D8918384-2825-4030-8F3C-C59C45A76E45}
	EndGlobalSection
EndGlobal
